
Microsoft Visual Studio Solution File, Format Version 12.00
# Visual Studio 2015
Project("{FAE04EC0-301F-11D3-BF4B-00C04F79EFBC}") = "project1.CSharp", "project1.CSharp.csproj", "{8906739D-1AF2-26F3-6D62-1F3D55828855}"
EndProject
Global
	GlobalSection(SolutionConfigurationPlatforms) = preSolution
		Debug|Any CPU = Debug|Any CPU
		Release|Any CPU = Release|Any CPU
	EndGlobalSection
	GlobalSection(ProjectConfigurationPlatforms) = postSolution
		{8906739D-1AF2-26F3-6D62-1F3D55828855}.Debug|Any CPU.ActiveCfg = Debug|Any CPU
		{8906739D-1AF2-26F3-6D62-1F3D55828855}.Debug|Any CPU.Build.0 = Debug|Any CPU
		{8906739D-1AF2-26F3-6D62-1F3D55828855}.Release|Any CPU.ActiveCfg = Release|Any CPU
		{8906739D-1AF2-26F3-6D62-1F3D55828855}.Release|Any CPU.Build.0 = Release|Any CPU
	EndGlobalSection
	GlobalSection(SolutionProperties) = preSolution
		HideSolutionNode = FALSE
	EndGlobalSection
EndGlobal
